
Microsoft Visual Studio Solution File, Format Version 12.00
# Visual Studio 2012
Project("{2150E333-8FDC-42A3-9474-1A3956D46DE8}") = ".nuget", ".nuget", "{A7E60ADA-82A9-4B7D-81DE-2AEA5CD8F7D6}"
	ProjectSection(SolutionItems) = preProject
		.nuget\NuGet.Config = .nuget\NuGet.Config
		.nuget\NuGet.exe = .nuget\NuGet.exe
		.nuget\NuGet.targets = .nuget\NuGet.targets
	EndProjectSection
EndProject
Project("{FAE04EC0-301F-11D3-BF4B-00C04F79EFBC}") = "MicroLite.Extensions.Cryptography.NET40", "MicroLite.Extensions.Cryptography\MicroLite.Extensions.Cryptography.NET40.csproj", "{66042BD1-4701-462E-8CB2-FA41401A9748}"
EndProject
Project("{FAE04EC0-301F-11D3-BF4B-00C04F79EFBC}") = "MicroLite.Extensions.Cryptography.Tests.NET40", "MicroLite.Extensions.Cryptography.Tests\MicroLite.Extensions.Cryptography.Tests.NET40.csproj", "{1E38E205-6CA7-4280-9532-2EA7ECE36D79}"
EndProject
Global
	GlobalSection(SolutionConfigurationPlatforms) = preSolution
		Debug|Any CPU = Debug|Any CPU
		Release|Any CPU = Release|Any CPU
	EndGlobalSection
	GlobalSection(ProjectConfigurationPlatforms) = postSolution
		{66042BD1-4701-462E-8CB2-FA41401A9748}.Debug|Any CPU.ActiveCfg = Debug|Any CPU
		{66042BD1-4701-462E-8CB2-FA41401A9748}.Debug|Any CPU.Build.0 = Debug|Any CPU
		{66042BD1-4701-462E-8CB2-FA41401A9748}.Release|Any CPU.ActiveCfg = Release|Any CPU
		{66042BD1-4701-462E-8CB2-FA41401A9748}.Release|Any CPU.Build.0 = Release|Any CPU
		{1E38E205-6CA7-4280-9532-2EA7ECE36D79}.Debug|Any CPU.ActiveCfg = Debug|Any CPU
		{1E38E205-6CA7-4280-9532-2EA7ECE36D79}.Debug|Any CPU.Build.0 = Debug|Any CPU
		{1E38E205-6CA7-4280-9532-2EA7ECE36D79}.Release|Any CPU.ActiveCfg = Release|Any CPU
		{1E38E205-6CA7-4280-9532-2EA7ECE36D79}.Release|Any CPU.Build.0 = Release|Any CPU
	EndGlobalSection
	GlobalSection(SolutionProperties) = preSolution
		HideSolutionNode = FALSE
	EndGlobalSection
EndGlobal
